
Microsoft Visual Studio Solution File, Format Version 12.00
# Visual Studio Version 17
VisualStudioVersion = 17.8.34330.188
MinimumVisualStudioVersion = 10.0.40219.1
Project("{2150E333-8FDC-42A3-9474-1A3956D46DE8}") = "Services", "Services", "{7BEE7020-3F3E-4F94-91D5-16B6A1F8C3E1}"
EndProject
Project("{2150E333-8FDC-42A3-9474-1A3956D46DE8}") = "ClientManagement", "ClientManagement", "{FDA84486-DEAB-4C0F-BC6A-CE9B071613FB}"
EndProject
Project("{9A19103F-16F7-4668-BE54-9A1E7A4F7556}") = "ClientManagement.Application", "Services\ClientManagement\Client.Application\ClientManagement.Application.csproj", "{47795B96-1220-4FFA-9755-AB7C20C1BC6A}"
EndProject
Project("{9A19103F-16F7-4668-BE54-9A1E7A4F7556}") = "ClientManagement.Core", "Services\ClientManagement\Client.Core\ClientManagement.Core.csproj", "{D7F1E0DD-F3EF-4529-965B-E3FD6EACA222}"
EndProject
Project("{9A19103F-16F7-4668-BE54-9A1E7A4F7556}") = "ClientManagement.Infrastructure", "Services\ClientManagement\Client.Infrastructure\ClientManagement.Infrastructure.csproj", "{96E10627-5D87-4301-A690-9D02318BEB9A}"
EndProject
Project("{9A19103F-16F7-4668-BE54-9A1E7A4F7556}") = "ClientManagement.API", "Services\ClientManagement\Client.API\ClientManagement.API.csproj", "{B0C08D99-10D8-4BFE-9AC8-4ECB97A39497}"
EndProject
Project("{2150E333-8FDC-42A3-9474-1A3956D46DE8}") = "AdminAreaManagement", "AdminAreaManagement", "{5D64661C-A186-4109-AD3B-ED9097D5B2B1}"
EndProject
Project("{9A19103F-16F7-4668-BE54-9A1E7A4F7556}") = "AdminAreaManagement.API", "Services\AdminAreaManagement\AdminAreaManagement.API\AdminAreaManagement.API.csproj", "{2F3EBE28-D86C-4D67-ABDE-FA4CE7AB568C}"
EndProject
Project("{9A19103F-16F7-4668-BE54-9A1E7A4F7556}") = "AdminAreaManagement.Application", "Services\AdminAreaManagement\AdminAreaManagement.Application\AdminAreaManagement.Application.csproj", "{9D3081D2-B975-4833-BE64-78D33B7CEBE6}"
EndProject
Project("{9A19103F-16F7-4668-BE54-9A1E7A4F7556}") = "AdminAreaManagement.Core", "Services\AdminAreaManagement\AdminAreaManagement.Core\AdminAreaManagement.Core.csproj", "{50BA9385-981F-4EFF-A001-C69251717917}"
EndProject
Project("{9A19103F-16F7-4668-BE54-9A1E7A4F7556}") = "AdminAreaManagement.Infrastructure", "Services\AdminAreaManagement\AdminAreaManagement.Infrastructure\AdminAreaManagement.Infrastructure.csproj", "{91A32C20-423F-4610-A95F-EF36FF6275E4}"
EndProject
Project("{2150E333-8FDC-42A3-9474-1A3956D46DE8}") = "ApiGateways", "ApiGateways", "{58482BD3-0702-43F8-9CEC-522ABB57783E}"
EndProject
Project("{9A19103F-16F7-4668-BE54-9A1E7A4F7556}") = "Ocelot.ApiGateway", "ApiGateways\Ocelot.ApiGateway\Ocelot.ApiGateway.csproj", "{9F147F8B-B6E6-4277-BE90-E6A765CDDFEF}"
EndProject
Project("{E53339B2-1760-4266-BCC7-CA923CBCF16C}") = "docker-compose", "docker-compose.dcproj", "{08B5E92D-DCE7-4854-97E0-70FD2EDF7168}"
EndProject
Project("{2150E333-8FDC-42A3-9474-1A3956D46DE8}") = "Tests", "Tests", "{7F105668-1AED-4366-8CB0-117DC56452E3}"
EndProject
Project("{9A19103F-16F7-4668-BE54-9A1E7A4F7556}") = "Application.IntegrationTests", "Tests\Application.IntegrationTests\Application.IntegrationTests.csproj", "{DCE126D3-27E1-4509-8269-2F11AE471D43}"
EndProject
Project("{9A19103F-16F7-4668-BE54-9A1E7A4F7556}") = "Application.UnitTests", "Tests\Application.UnitTests\Application.UnitTests.csproj", "{7B1ADE5D-840C-468E-9A53-F3F18E4A6762}"
EndProject
Project("{9A19103F-16F7-4668-BE54-9A1E7A4F7556}") = "Domain.UnitTests", "Tests\Domain.UnitTests\Domain.UnitTests.csproj", "{6A7730C3-5D37-426A-8E9A-14B1914227B8}"
EndProject
Global
	GlobalSection(SolutionConfigurationPlatforms) = preSolution
		Debug|Any CPU = Debug|Any CPU
		Release|Any CPU = Release|Any CPU
	EndGlobalSection
	GlobalSection(ProjectConfigurationPlatforms) = postSolution
		{47795B96-1220-4FFA-9755-AB7C20C1BC6A}.Debug|Any CPU.ActiveCfg = Debug|Any CPU
		{47795B96-1220-4FFA-9755-AB7C20C1BC6A}.Debug|Any CPU.Build.0 = Debug|Any CPU
		{47795B96-1220-4FFA-9755-AB7C20C1BC6A}.Release|Any CPU.ActiveCfg = Release|Any CPU
		{47795B96-1220-4FFA-9755-AB7C20C1BC6A}.Release|Any CPU.Build.0 = Release|Any CPU
		{D7F1E0DD-F3EF-4529-965B-E3FD6EACA222}.Debug|Any CPU.ActiveCfg = Debug|Any CPU
		{D7F1E0DD-F3EF-4529-965B-E3FD6EACA222}.Debug|Any CPU.Build.0 = Debug|Any CPU
		{D7F1E0DD-F3EF-4529-965B-E3FD6EACA222}.Release|Any CPU.ActiveCfg = Release|Any CPU
		{D7F1E0DD-F3EF-4529-965B-E3FD6EACA222}.Release|Any CPU.Build.0 = Release|Any CPU
		{96E10627-5D87-4301-A690-9D02318BEB9A}.Debug|Any CPU.ActiveCfg = Debug|Any CPU
		{96E10627-5D87-4301-A690-9D02318BEB9A}.Debug|Any CPU.Build.0 = Debug|Any CPU
		{96E10627-5D87-4301-A690-9D02318BEB9A}.Release|Any CPU.ActiveCfg = Release|Any CPU
		{96E10627-5D87-4301-A690-9D02318BEB9A}.Release|Any CPU.Build.0 = Release|Any CPU
		{B0C08D99-10D8-4BFE-9AC8-4ECB97A39497}.Debug|Any CPU.ActiveCfg = Debug|Any CPU
		{B0C08D99-10D8-4BFE-9AC8-4ECB97A39497}.Debug|Any CPU.Build.0 = Debug|Any CPU
		{B0C08D99-10D8-4BFE-9AC8-4ECB97A39497}.Release|Any CPU.ActiveCfg = Release|Any CPU
		{B0C08D99-10D8-4BFE-9AC8-4ECB97A39497}.Release|Any CPU.Build.0 = Release|Any CPU
		{2F3EBE28-D86C-4D67-ABDE-FA4CE7AB568C}.Debug|Any CPU.ActiveCfg = Debug|Any CPU
		{2F3EBE28-D86C-4D67-ABDE-FA4CE7AB568C}.Debug|Any CPU.Build.0 = Debug|Any CPU
		{2F3EBE28-D86C-4D67-ABDE-FA4CE7AB568C}.Release|Any CPU.ActiveCfg = Release|Any CPU
		{2F3EBE28-D86C-4D67-ABDE-FA4CE7AB568C}.Release|Any CPU.Build.0 = Release|Any CPU
		{9D3081D2-B975-4833-BE64-78D33B7CEBE6}.Debug|Any CPU.ActiveCfg = Debug|Any CPU
		{9D3081D2-B975-4833-BE64-78D33B7CEBE6}.Debug|Any CPU.Build.0 = Debug|Any CPU
		{9D3081D2-B975-4833-BE64-78D33B7CEBE6}.Release|Any CPU.ActiveCfg = Release|Any CPU
		{9D3081D2-B975-4833-BE64-78D33B7CEBE6}.Release|Any CPU.Build.0 = Release|Any CPU
		{50BA9385-981F-4EFF-A001-C69251717917}.Debug|Any CPU.ActiveCfg = Debug|Any CPU
		{50BA9385-981F-4EFF-A001-C69251717917}.Debug|Any CPU.Build.0 = Debug|Any CPU
		{50BA9385-981F-4EFF-A001-C69251717917}.Release|Any CPU.ActiveCfg = Release|Any CPU
		{50BA9385-981F-4EFF-A001-C69251717917}.Release|Any CPU.Build.0 = Release|Any CPU
		{91A32C20-423F-4610-A95F-EF36FF6275E4}.Debug|Any CPU.ActiveCfg = Debug|Any CPU
		{91A32C20-423F-4610-A95F-EF36FF6275E4}.Debug|Any CPU.Build.0 = Debug|Any CPU
		{91A32C20-423F-4610-A95F-EF36FF6275E4}.Release|Any CPU.ActiveCfg = Release|Any CPU
		{91A32C20-423F-4610-A95F-EF36FF6275E4}.Release|Any CPU.Build.0 = Release|Any CPU
		{9F147F8B-B6E6-4277-BE90-E6A765CDDFEF}.Debug|Any CPU.ActiveCfg = Debug|Any CPU
		{9F147F8B-B6E6-4277-BE90-E6A765CDDFEF}.Debug|Any CPU.Build.0 = Debug|Any CPU
		{9F147F8B-B6E6-4277-BE90-E6A765CDDFEF}.Release|Any CPU.ActiveCfg = Release|Any CPU
		{9F147F8B-B6E6-4277-BE90-E6A765CDDFEF}.Release|Any CPU.Build.0 = Release|Any CPU
		{08B5E92D-DCE7-4854-97E0-70FD2EDF7168}.Debug|Any CPU.ActiveCfg = Debug|Any CPU
		{08B5E92D-DCE7-4854-97E0-70FD2EDF7168}.Debug|Any CPU.Build.0 = Debug|Any CPU
		{08B5E92D-DCE7-4854-97E0-70FD2EDF7168}.Release|Any CPU.ActiveCfg = Release|Any CPU
		{08B5E92D-DCE7-4854-97E0-70FD2EDF7168}.Release|Any CPU.Build.0 = Release|Any CPU
		{DCE126D3-27E1-4509-8269-2F11AE471D43}.Debug|Any CPU.ActiveCfg = Debug|Any CPU
		{DCE126D3-27E1-4509-8269-2F11AE471D43}.Debug|Any CPU.Build.0 = Debug|Any CPU
		{DCE126D3-27E1-4509-8269-2F11AE471D43}.Release|Any CPU.ActiveCfg = Release|Any CPU
		{DCE126D3-27E1-4509-8269-2F11AE471D43}.Release|Any CPU.Build.0 = Release|Any CPU
		{7B1ADE5D-840C-468E-9A53-F3F18E4A6762}.Debug|Any CPU.ActiveCfg = Debug|Any CPU
		{7B1ADE5D-840C-468E-9A53-F3F18E4A6762}.Debug|Any CPU.Build.0 = Debug|Any CPU
		{7B1ADE5D-840C-468E-9A53-F3F18E4A6762}.Release|Any CPU.ActiveCfg = Release|Any CPU
		{7B1ADE5D-840C-468E-9A53-F3F18E4A6762}.Release|Any CPU.Build.0 = Release|Any CPU
		{6A7730C3-5D37-426A-8E9A-14B1914227B8}.Debug|Any CPU.ActiveCfg = Debug|Any CPU
		{6A7730C3-5D37-426A-8E9A-14B1914227B8}.Debug|Any CPU.Build.0 = Debug|Any CPU
		{6A7730C3-5D37-426A-8E9A-14B1914227B8}.Release|Any CPU.ActiveCfg = Release|Any CPU
		{6A7730C3-5D37-426A-8E9A-14B1914227B8}.Release|Any CPU.Build.0 = Release|Any CPU
	EndGlobalSection
	GlobalSection(SolutionProperties) = preSolution
		HideSolutionNode = FALSE
	EndGlobalSection
	GlobalSection(NestedProjects) = preSolution
		{FDA84486-DEAB-4C0F-BC6A-CE9B071613FB} = {7BEE7020-3F3E-4F94-91D5-16B6A1F8C3E1}
		{47795B96-1220-4FFA-9755-AB7C20C1BC6A} = {FDA84486-DEAB-4C0F-BC6A-CE9B071613FB}
		{D7F1E0DD-F3EF-4529-965B-E3FD6EACA222} = {FDA84486-DEAB-4C0F-BC6A-CE9B071613FB}
		{96E10627-5D87-4301-A690-9D02318BEB9A} = {FDA84486-DEAB-4C0F-BC6A-CE9B071613FB}
		{B0C08D99-10D8-4BFE-9AC8-4ECB97A39497} = {FDA84486-DEAB-4C0F-BC6A-CE9B071613FB}
		{5D64661C-A186-4109-AD3B-ED9097D5B2B1} = {7BEE7020-3F3E-4F94-91D5-16B6A1F8C3E1}
		{2F3EBE28-D86C-4D67-ABDE-FA4CE7AB568C} = {5D64661C-A186-4109-AD3B-ED9097D5B2B1}
		{9D3081D2-B975-4833-BE64-78D33B7CEBE6} = {5D64661C-A186-4109-AD3B-ED9097D5B2B1}
		{50BA9385-981F-4EFF-A001-C69251717917} = {5D64661C-A186-4109-AD3B-ED9097D5B2B1}
		{91A32C20-423F-4610-A95F-EF36FF6275E4} = {5D64661C-A186-4109-AD3B-ED9097D5B2B1}
		{9F147F8B-B6E6-4277-BE90-E6A765CDDFEF} = {58482BD3-0702-43F8-9CEC-522ABB57783E}
		{7F105668-1AED-4366-8CB0-117DC56452E3} = {5D64661C-A186-4109-AD3B-ED9097D5B2B1}
		{DCE126D3-27E1-4509-8269-2F11AE471D43} = {7F105668-1AED-4366-8CB0-117DC56452E3}
		{7B1ADE5D-840C-468E-9A53-F3F18E4A6762} = {7F105668-1AED-4366-8CB0-117DC56452E3}
		{6A7730C3-5D37-426A-8E9A-14B1914227B8} = {7F105668-1AED-4366-8CB0-117DC56452E3}
	EndGlobalSection
	GlobalSection(ExtensibilityGlobals) = postSolution
		SolutionGuid = {A09D4BD9-B9A6-45F5-BE40-F2EE8E7C6B39}
	EndGlobalSection
EndGlobal
